
Microsoft Visual Studio Solution File, Format Version 12.00
# Visual Studio Version 16
VisualStudioVersion = 16.0.30717.126
MinimumVisualStudioVersion = 10.0.40219.1
Project("{FAE04EC0-301F-11D3-BF4B-00C04F79EFBC}") = "StrategyPattern", "StrategyPattern\StrategyPattern.csproj", "{89CD7F13-A828-468D-8C77-0ABEF1AE9286}"
EndProject
Global
	GlobalSection(SolutionConfigurationPlatforms) = preSolution
		Debug|Any CPU = Debug|Any CPU
		Release|Any CPU = Release|Any CPU
	EndGlobalSection
	GlobalSection(ProjectConfigurationPlatforms) = postSolution
		{89CD7F13-A828-468D-8C77-0ABEF1AE9286}.Debug|Any CPU.ActiveCfg = Debug|Any CPU
		{89CD7F13-A828-468D-8C77-0ABEF1AE9286}.Debug|Any CPU.Build.0 = Debug|Any CPU
		{89CD7F13-A828-468D-8C77-0ABEF1AE9286}.Release|Any CPU.ActiveCfg = Release|Any CPU
		{89CD7F13-A828-468D-8C77-0ABEF1AE9286}.Release|Any CPU.Build.0 = Release|Any CPU
	EndGlobalSection
	GlobalSection(SolutionProperties) = preSolution
		HideSolutionNode = FALSE
	EndGlobalSection
	GlobalSection(ExtensibilityGlobals) = postSolution
		SolutionGuid = {E8493EF3-F6B2-44E9-B5BC-56349A6E030D}
	EndGlobalSection
EndGlobal
